
Microsoft Visual Studio Solution File, Format Version 12.00
# Visual Studio Version 17
VisualStudioVersion = 17.0.31903.59
MinimumVisualStudioVersion = 10.0.40219.1
Project("{9A19103F-16F7-4668-BE54-9A1E7A4F7556}") = "FoodOrderingSystem.Core", "FoodOrderingSystem.Core\FoodOrderingSystem.Core.csproj", "{FD697871-2BBA-4CAD-8104-5CE164587382}"
EndProject
Project("{9A19103F-16F7-4668-BE54-9A1E7A4F7556}") = "FoodOrderingSystem.Infrastructure", "FoodOrderingSystem.Infrastructure\FoodOrderingSystem.Infrastructure.csproj", "{D6326EF2-7987-421D-9F0A-200240BCFA8D}"
EndProject
Project("{9A19103F-16F7-4668-BE54-9A1E7A4F7556}") = "FoodOrderingSystem.Application", "FoodOrderingSystem.Application\FoodOrderingSystem.Application.csproj", "{4003762D-179F-43B4-A5E4-BDA9E0D1F415}"
EndProject
Project("{FAE04EC0-301F-11D3-BF4B-00C04F79EFBC}") = "FoodOrderingSystem.WebAPI", "FoodOrderingSystem.WebAPI\FoodOrderingSystem.WebAPI.csproj", "{119FDE88-E514-41FD-A4BA-CA2BDB48CE14}"
EndProject
Project("{FAE04EC0-301F-11D3-BF4B-00C04F79EFBC}") = "FoodOrderingSystem.Persistence", "FoodOrderingSystem.Persistence\FoodOrderingSystem.Persistence.csproj", "{C5E04BDB-756E-4E4D-AE8A-08B8A569E6F8}"
EndProject
Global
	GlobalSection(SolutionConfigurationPlatforms) = preSolution
		Debug|Any CPU = Debug|Any CPU
		Release|Any CPU = Release|Any CPU
	EndGlobalSection
	GlobalSection(ProjectConfigurationPlatforms) = postSolution
		{FD697871-2BBA-4CAD-8104-5CE164587382}.Debug|Any CPU.ActiveCfg = Debug|Any CPU
		{FD697871-2BBA-4CAD-8104-5CE164587382}.Debug|Any CPU.Build.0 = Debug|Any CPU
		{FD697871-2BBA-4CAD-8104-5CE164587382}.Release|Any CPU.ActiveCfg = Release|Any CPU
		{FD697871-2BBA-4CAD-8104-5CE164587382}.Release|Any CPU.Build.0 = Release|Any CPU
		{D6326EF2-7987-421D-9F0A-200240BCFA8D}.Debug|Any CPU.ActiveCfg = Debug|Any CPU
		{D6326EF2-7987-421D-9F0A-200240BCFA8D}.Debug|Any CPU.Build.0 = Debug|Any CPU
		{D6326EF2-7987-421D-9F0A-200240BCFA8D}.Release|Any CPU.ActiveCfg = Release|Any CPU
		{D6326EF2-7987-421D-9F0A-200240BCFA8D}.Release|Any CPU.Build.0 = Release|Any CPU
		{4003762D-179F-43B4-A5E4-BDA9E0D1F415}.Debug|Any CPU.ActiveCfg = Debug|Any CPU
		{4003762D-179F-43B4-A5E4-BDA9E0D1F415}.Debug|Any CPU.Build.0 = Debug|Any CPU
		{4003762D-179F-43B4-A5E4-BDA9E0D1F415}.Release|Any CPU.ActiveCfg = Release|Any CPU
		{4003762D-179F-43B4-A5E4-BDA9E0D1F415}.Release|Any CPU.Build.0 = Release|Any CPU
		{119FDE88-E514-41FD-A4BA-CA2BDB48CE14}.Debug|Any CPU.ActiveCfg = Debug|Any CPU
		{119FDE88-E514-41FD-A4BA-CA2BDB48CE14}.Debug|Any CPU.Build.0 = Debug|Any CPU
		{119FDE88-E514-41FD-A4BA-CA2BDB48CE14}.Release|Any CPU.ActiveCfg = Release|Any CPU
		{119FDE88-E514-41FD-A4BA-CA2BDB48CE14}.Release|Any CPU.Build.0 = Release|Any CPU
		{C5E04BDB-756E-4E4D-AE8A-08B8A569E6F8}.Debug|Any CPU.ActiveCfg = Debug|Any CPU
		{C5E04BDB-756E-4E4D-AE8A-08B8A569E6F8}.Debug|Any CPU.Build.0 = Debug|Any CPU
		{C5E04BDB-756E-4E4D-AE8A-08B8A569E6F8}.Release|Any CPU.ActiveCfg = Release|Any CPU
		{C5E04BDB-756E-4E4D-AE8A-08B8A569E6F8}.Release|Any CPU.Build.0 = Release|Any CPU
	EndGlobalSection
	GlobalSection(SolutionProperties) = preSolution
		HideSolutionNode = FALSE
	EndGlobalSection
	GlobalSection(ExtensibilityGlobals) = postSolution
		SolutionGuid = {519ADA14-AF82-420C-AFCE-1F0814314351}
	EndGlobalSection
EndGlobal
